{
    "doctrine/doctrine-migrations-bundle": {
        "version": "1.2",
        "recipe": {
            "repo": "github.com/symfony/recipes",
            "branch": "master",
            "version": "1.2",
            "ref": "c1431086fec31f17fbcfe6d6d7e92059458facc1"
        },
        "files": [
            "config/packages/doctrine_migrations.yaml",
            "src/Migrations/.gitignore"
        ]
    },
    "doctrine/migrations": {
        "version": "v1.5.0"
    },
    "lexik/form-filter-bundle": {
        "version": "v5.0.10"
    },
    "nikic/php-parser": {
        "version": "v4.3.0"
    },
    "ocramius/package-versions": {
        "version": "1.5.1"
    },
    "ocramius/proxy-manager": {
        "version": "2.2.3"
    },
    "pagerfanta/pagerfanta": {
        "version": "v1.0.5"
    },
    "petkopara/crud-generator-bundle": {
        "version": "v3.0.5"
    },
    "petkopara/multi-search-bundle": {
        "version": "v1.0.0"
    },
    "php": {
        "version": "7.3"
    },
    "symfony/flex": {
        "version": "1.0",
        "recipe": {
            "repo": "github.com/symfony/recipes",
            "branch": "master",
            "version": "1.0",
            "ref": "c0eeb50665f0f77226616b6038a9b06c03752d8e"
        },
        "files": [
            ".env"
        ]
    },
    "symfony/maker-bundle": {
        "version": "1.0",
        "recipe": {
            "repo": "github.com/symfony/recipes",
            "branch": "master",
            "version": "1.0",
            "ref": "fadbfe33303a76e25cb63401050439aa9b1a9c7f"
        }
    },
    "symfony/orm-pack": {
        "version": "v1.0.7"
    },
    "zendframework/zend-code": {
        "version": "3.4.1"
    },
    "zendframework/zend-eventmanager": {
        "version": "3.2.1"
    }
}
